// !$*UTF8*$!
{
	archiveVersion = 1;
	classes = {
	};
	objectVersion = 50;
	objects = {

/* Begin PBXBuildFile section */
		6D066CC724B6987400121692 /* ItemDetails.swift in Sources */ = {isa = PBXBuildFile; fileRef = 6D066CC624B6987400121692 /* ItemDetails.swift */; };
		6D0C5AFB24B142E1000842C2 /* Assets.xcassets in Resources */ = {isa = PBXBuildFile; fileRef = 6D0C5AFA24B142E1000842C2 /* Assets.xcassets */; };
		6D0C5AFE24B142E1000842C2 /* Preview Assets.xcassets in Resources */ = {isa = PBXBuildFile; fileRef = 6D0C5AFD24B142E1000842C2 /* Preview Assets.xcassets */; };
		6D0C5B0124B142E1000842C2 /* LaunchScreen.storyboard in Resources */ = {isa = PBXBuildFile; fileRef = 6D0C5AFF24B142E1000842C2 /* LaunchScreen.storyboard */; };
		6D0C5B0C24B142E1000842C2 /* iShopTests.swift in Sources */ = {isa = PBXBuildFile; fileRef = 6D0C5B0B24B142E1000842C2 /* iShopTests.swift */; };
		6D0C5B1724B142E2000842C2 /* iShopUITests.swift in Sources */ = {isa = PBXBuildFile; fileRef = 6D0C5B1624B142E2000842C2 /* iShopUITests.swift */; };
		6D0C5B2B24B147E5000842C2 /* Functions.swift in Sources */ = {isa = PBXBuildFile; fileRef = 6D0C5B2524B147E5000842C2 /* Functions.swift */; };
		6D0C5B2C24B147E5000842C2 /* Extensions.swift in Sources */ = {isa = PBXBuildFile; fileRef = 6D0C5B2624B147E5000842C2 /* Extensions.swift */; };
		6D0C5B2D24B147E5000842C2 /* Globals.swift in Sources */ = {isa = PBXBuildFile; fileRef = 6D0C5B2724B147E5000842C2 /* Globals.swift */; };
		6D0C5B2E24B147E5000842C2 /* AdaptsToSk.swift in Sources */ = {isa = PBXBuildFile; fileRef = 6D0C5B2824B147E5000842C2 /* AdaptsToSk.swift */; };
		6D0C5B2F24B147E5000842C2 /* HostingController.swift in Sources */ = {isa = PBXBuildFile; fileRef = 6D0C5B2924B147E5000842C2 /* HostingController.swift */; };
		6D0C5B3024B147E5000842C2 /* NavigationConfigurator.swift in Sources */ = {isa = PBXBuildFile; fileRef = 6D0C5B2A24B147E5000842C2 /* NavigationConfigurator.swift */; };
		6D0C5B3724B147EC000842C2 /* UsefulCode.swift in Sources */ = {isa = PBXBuildFile; fileRef = 6D0C5B3224B147EC000842C2 /* UsefulCode.swift */; };
		6D0C5B4924B14803000842C2 /* iShop.xcdatamodeld in Sources */ = {isa = PBXBuildFile; fileRef = 6D0C5B4124B14803000842C2 /* iShop.xcdatamodeld */; };
		6D0C5B4F24B1480C000842C2 /* AppDelegate.swift in Sources */ = {isa = PBXBuildFile; fileRef = 6D0C5B4D24B1480C000842C2 /* AppDelegate.swift */; };
		6D0C5B5024B1480C000842C2 /* SceneDelegate.swift in Sources */ = {isa = PBXBuildFile; fileRef = 6D0C5B4E24B1480C000842C2 /* SceneDelegate.swift */; };
		6D0C5B5B24B14811000842C2 /* ItemRow.swift in Sources */ = {isa = PBXBuildFile; fileRef = 6D0C5B5224B14811000842C2 /* ItemRow.swift */; };
		6D0C5B5C24B14811000842C2 /* ItemCategory.swift in Sources */ = {isa = PBXBuildFile; fileRef = 6D0C5B5324B14811000842C2 /* ItemCategory.swift */; };
		6D0C5B5D24B14811000842C2 /* CatalogueRow.swift in Sources */ = {isa = PBXBuildFile; fileRef = 6D0C5B5424B14811000842C2 /* CatalogueRow.swift */; };
		6D0C5B5F24B14811000842C2 /* StartUp.swift in Sources */ = {isa = PBXBuildFile; fileRef = 6D0C5B5624B14811000842C2 /* StartUp.swift */; };
		6D0C5B6024B14811000842C2 /* ItemList.swift in Sources */ = {isa = PBXBuildFile; fileRef = 6D0C5B5724B14811000842C2 /* ItemList.swift */; };
		6D0C5B6124B14811000842C2 /* AddList.swift in Sources */ = {isa = PBXBuildFile; fileRef = 6D0C5B5824B14811000842C2 /* AddList.swift */; };
		6D0C5B6224B14811000842C2 /* Settings.swift in Sources */ = {isa = PBXBuildFile; fileRef = 6D0C5B5924B14811000842C2 /* Settings.swift */; };
		6D0C5B6324B14811000842C2 /* Catalogue.swift in Sources */ = {isa = PBXBuildFile; fileRef = 6D0C5B5A24B14811000842C2 /* Catalogue.swift */; };
		6D0C5B6A24B1490C000842C2 /* Item+CoreDataClass.swift in Sources */ = {isa = PBXBuildFile; fileRef = 6D0C5B6424B1490B000842C2 /* Item+CoreDataClass.swift */; };
		6D0C5B6B24B1490C000842C2 /* Item+CoreDataProperties.swift in Sources */ = {isa = PBXBuildFile; fileRef = 6D0C5B6524B1490B000842C2 /* Item+CoreDataProperties.swift */; };
		6D0C5B6C24B1490C000842C2 /* ListOfItems+CoreDataClass.swift in Sources */ = {isa = PBXBuildFile; fileRef = 6D0C5B6624B1490B000842C2 /* ListOfItems+CoreDataClass.swift */; };
		6D0C5B6D24B1490C000842C2 /* Category+CoreDataClass.swift in Sources */ = {isa = PBXBuildFile; fileRef = 6D0C5B6724B1490B000842C2 /* Category+CoreDataClass.swift */; };
		6D0C5B6E24B1490C000842C2 /* ListOfItems+CoreDataProperties.swift in Sources */ = {isa = PBXBuildFile; fileRef = 6D0C5B6824B1490B000842C2 /* ListOfItems+CoreDataProperties.swift */; };
		6D0C5B6F24B1490C000842C2 /* Category+CoreDataProperties.swift in Sources */ = {isa = PBXBuildFile; fileRef = 6D0C5B6924B1490B000842C2 /* Category+CoreDataProperties.swift */; };
		6D3B0F3C24CFBF6500A0B486 /* NavBarTrailing.swift in Sources */ = {isa = PBXBuildFile; fileRef = 6D3B0F3B24CFBF6500A0B486 /* NavBarTrailing.swift */; };
		6D5AE16624EF6F2F00CB9F7D /* MKiCloudSync.m in Sources */ = {isa = PBXBuildFile; fileRef = 6D5AE16424EF6F2F00CB9F7D /* MKiCloudSync.m */; };
		6D67A49024C3D06300C9B377 /* MailView.swift in Sources */ = {isa = PBXBuildFile; fileRef = 6D67A48F24C3D06300C9B377 /* MailView.swift */; };
		6D67A49224C3FA9400C9B377 /* OnboardingViewHome.swift in Sources */ = {isa = PBXBuildFile; fileRef = 6D67A49124C3FA9400C9B377 /* OnboardingViewHome.swift */; };
		6D780D9F24C1A28F00380C17 /* InCart.swift in Sources */ = {isa = PBXBuildFile; fileRef = 6D780D9E24C1A28F00380C17 /* InCart.swift */; };
		6D83AC0B24CFB7BE00797E5F /* Home.swift in Sources */ = {isa = PBXBuildFile; fileRef = 6D83AC0A24CFB7BE00797E5F /* Home.swift */; };
		6D8DA8DA24E7E9E000CE3740 /* ContentView.swift in Sources */ = {isa = PBXBuildFile; fileRef = 6D8DA8D924E7E9E000CE3740 /* ContentView.swift */; };
		6DA186D024C9AEDC00427EA1 /* InitDate+CoreDataClass.swift in Sources */ = {isa = PBXBuildFile; fileRef = 6DA186CE24C9AEDC00427EA1 /* InitDate+CoreDataClass.swift */; };
		6DA186D124C9AEDC00427EA1 /* InitDate+CoreDataProperties.swift in Sources */ = {isa = PBXBuildFile; fileRef = 6DA186CF24C9AEDC00427EA1 /* InitDate+CoreDataProperties.swift */; };
		6DE5B61A24EA448700608449 /* NavBarLeading.swift in Sources */ = {isa = PBXBuildFile; fileRef = 6DE5B61924EA448700608449 /* NavBarLeading.swift */; };
		6DE6004024E9F1B100AA3F1D /* ViewModifiers.swift in Sources */ = {isa = PBXBuildFile; fileRef = 6DE6003F24E9F1B100AA3F1D /* ViewModifiers.swift */; };
		6DE6004424E9F60900AA3F1D /* ListActionSheet.swift in Sources */ = {isa = PBXBuildFile; fileRef = 6DE6004324E9F60900AA3F1D /* ListActionSheet.swift */; };
		6DEB520824C642AD0096DBC8 /* CloudKit.framework in Frameworks */ = {isa = PBXBuildFile; fileRef = 6DEB520724C642AD0096DBC8 /* CloudKit.framework */; };
		6DF0947524BB330500FB051C /* ChooseCategory.swift in Sources */ = {isa = PBXBuildFile; fileRef = 6DF0947424BB330500FB051C /* ChooseCategory.swift */; };
		6DF0947724BB3F2C00FB051C /* AddCategory.swift in Sources */ = {isa = PBXBuildFile; fileRef = 6DF0947624BB3F2C00FB051C /* AddCategory.swift */; };
		6DF871C524D93227007C6434 /* AddListButton.swift in Sources */ = {isa = PBXBuildFile; fileRef = 6DF871C424D93227007C6434 /* AddListButton.swift */; };
		6DF8D41824D9342A00899C6F /* SettingsButton.swift in Sources */ = {isa = PBXBuildFile; fileRef = 6DF8D41724D9342A00899C6F /* SettingsButton.swift */; };
		6DFAE5D224B5C07D005E8E6B /* UserDefaults.swift in Sources */ = {isa = PBXBuildFile; fileRef = 6DFAE5D124B5C07D005E8E6B /* UserDefaults.swift */; };
		6DFB6B2724CB9EC90041C999 /* RenameList.swift in Sources */ = {isa = PBXBuildFile; fileRef = 6DFB6B2624CB9EC90041C999 /* RenameList.swift */; };
/* End PBXBuildFile section */

/* Begin PBXContainerItemProxy section */
		6D0C5B0824B142E1000842C2 /* PBXContainerItemProxy */ = {
			isa = PBXContainerItemProxy;
			containerPortal = 6D0C5AE624B142DB000842C2 /* Project object */;
			proxyType = 1;
			remoteGlobalIDString = 6D0C5AED24B142DB000842C2;
			remoteInfo = iShop;
		};
		6D0C5B1324B142E2000842C2 /* PBXContainerItemProxy */ = {
			isa = PBXContainerItemProxy;
			containerPortal = 6D0C5AE624B142DB000842C2 /* Project object */;
			proxyType = 1;
			remoteGlobalIDString = 6D0C5AED24B142DB000842C2;
			remoteInfo = iShop;
		};
/* End PBXContainerItemProxy section */

/* Begin PBXFileReference section */
		6D066CC624B6987400121692 /* ItemDetails.swift */ = {isa = PBXFileReference; lastKnownFileType = sourcecode.swift; path = ItemDetails.swift; sourceTree = "<group>"; };
		6D0C5AEE24B142DB000842C2 /* iShop.app */ = {isa = PBXFileReference; explicitFileType = wrapper.application; includeInIndex = 0; path = iShop.app; sourceTree = BUILT_PRODUCTS_DIR; };
		6D0C5AFA24B142E1000842C2 /* Assets.xcassets */ = {isa = PBXFileReference; lastKnownFileType = folder.assetcatalog; path = Assets.xcassets; sourceTree = "<group>"; };
		6D0C5AFD24B142E1000842C2 /* Preview Assets.xcassets */ = {isa = PBXFileReference; lastKnownFileType = folder.assetcatalog; path = "Preview Assets.xcassets"; sourceTree = "<group>"; };
		6D0C5B0024B142E1000842C2 /* Base */ = {isa = PBXFileReference; lastKnownFileType = file.storyboard; name = Base; path = Base.lproj/LaunchScreen.storyboard; sourceTree = "<group>"; };
		6D0C5B0224B142E1000842C2 /* Info.plist */ = {isa = PBXFileReference; lastKnownFileType = text.plist.xml; path = Info.plist; sourceTree = "<group>"; };
		6D0C5B0724B142E1000842C2 /* iShopTests.xctest */ = {isa = PBXFileReference; explicitFileType = wrapper.cfbundle; includeInIndex = 0; path = iShopTests.xctest; sourceTree = BUILT_PRODUCTS_DIR; };
		6D0C5B0B24B142E1000842C2 /* iShopTests.swift */ = {isa = PBXFileReference; lastKnownFileType = sourcecode.swift; path = iShopTests.swift; sourceTree = "<group>"; };
		6D0C5B0D24B142E1000842C2 /* Info.plist */ = {isa = PBXFileReference; lastKnownFileType = text.plist.xml; path = Info.plist; sourceTree = "<group>"; };
		6D0C5B1224B142E2000842C2 /* iShopUITests.xctest */ = {isa = PBXFileReference; explicitFileType = wrapper.cfbundle; includeInIndex = 0; path = iShopUITests.xctest; sourceTree = BUILT_PRODUCTS_DIR; };
		6D0C5B1624B142E2000842C2 /* iShopUITests.swift */ = {isa = PBXFileReference; lastKnownFileType = sourcecode.swift; path = iShopUITests.swift; sourceTree = "<group>"; };
		6D0C5B1824B142E2000842C2 /* Info.plist */ = {isa = PBXFileReference; lastKnownFileType = text.plist.xml; path = Info.plist; sourceTree = "<group>"; };
		6D0C5B2524B147E5000842C2 /* Functions.swift */ = {isa = PBXFileReference; fileEncoding = 4; lastKnownFileType = sourcecode.swift; path = Functions.swift; sourceTree = "<group>"; };
		6D0C5B2624B147E5000842C2 /* Extensions.swift */ = {isa = PBXFileReference; fileEncoding = 4; lastKnownFileType = sourcecode.swift; path = Extensions.swift; sourceTree = "<group>"; };
		6D0C5B2724B147E5000842C2 /* Globals.swift */ = {isa = PBXFileReference; fileEncoding = 4; lastKnownFileType = sourcecode.swift; path = Globals.swift; sourceTree = "<group>"; };
		6D0C5B2824B147E5000842C2 /* AdaptsToSk.swift */ = {isa = PBXFileReference; fileEncoding = 4; lastKnownFileType = sourcecode.swift; path = AdaptsToSk.swift; sourceTree = "<group>"; };
		6D0C5B2924B147E5000842C2 /* HostingController.swift */ = {isa = PBXFileReference; fileEncoding = 4; lastKnownFileType = sourcecode.swift; path = HostingController.swift; sourceTree = "<group>"; };
		6D0C5B2A24B147E5000842C2 /* NavigationConfigurator.swift */ = {isa = PBXFileReference; fileEncoding = 4; lastKnownFileType = sourcecode.swift; path = NavigationConfigurator.swift; sourceTree = "<group>"; };
		6D0C5B3224B147EC000842C2 /* UsefulCode.swift */ = {isa = PBXFileReference; fileEncoding = 4; lastKnownFileType = sourcecode.swift; path = UsefulCode.swift; sourceTree = "<group>"; };
		6D0C5B4224B14803000842C2 /* iShop.xcdatamodel */ = {isa = PBXFileReference; lastKnownFileType = wrapper.xcdatamodel; path = iShop.xcdatamodel; sourceTree = "<group>"; };
		6D0C5B4D24B1480C000842C2 /* AppDelegate.swift */ = {isa = PBXFileReference; fileEncoding = 4; lastKnownFileType = sourcecode.swift; name = AppDelegate.swift; path = Startup/AppDelegate.swift; sourceTree = "<group>"; };
		6D0C5B4E24B1480C000842C2 /* SceneDelegate.swift */ = {isa = PBXFileReference; fileEncoding = 4; lastKnownFileType = sourcecode.swift; name = SceneDelegate.swift; path = Startup/SceneDelegate.swift; sourceTree = "<group>"; };
		6D0C5B5224B14811000842C2 /* ItemRow.swift */ = {isa = PBXFileReference; fileEncoding = 4; lastKnownFileType = sourcecode.swift; path = ItemRow.swift; sourceTree = "<group>"; };
		6D0C5B5324B14811000842C2 /* ItemCategory.swift */ = {isa = PBXFileReference; fileEncoding = 4; lastKnownFileType = sourcecode.swift; path = ItemCategory.swift; sourceTree = "<group>"; };
		6D0C5B5424B14811000842C2 /* CatalogueRow.swift */ = {isa = PBXFileReference; fileEncoding = 4; lastKnownFileType = sourcecode.swift; path = CatalogueRow.swift; sourceTree = "<group>"; };
		6D0C5B5624B14811000842C2 /* StartUp.swift */ = {isa = PBXFileReference; fileEncoding = 4; lastKnownFileType = sourcecode.swift; path = StartUp.swift; sourceTree = "<group>"; };
		6D0C5B5724B14811000842C2 /* ItemList.swift */ = {isa = PBXFileReference; fileEncoding = 4; lastKnownFileType = sourcecode.swift; path = ItemList.swift; sourceTree = "<group>"; };
		6D0C5B5824B14811000842C2 /* AddList.swift */ = {isa = PBXFileReference; fileEncoding = 4; lastKnownFileType = sourcecode.swift; path = AddList.swift; sourceTree = "<group>"; };
		6D0C5B5924B14811000842C2 /* Settings.swift */ = {isa = PBXFileReference; fileEncoding = 4; lastKnownFileType = sourcecode.swift; path = Settings.swift; sourceTree = "<group>"; };
		6D0C5B5A24B14811000842C2 /* Catalogue.swift */ = {isa = PBXFileReference; fileEncoding = 4; lastKnownFileType = sourcecode.swift; path = Catalogue.swift; sourceTree = "<group>"; };
		6D0C5B6424B1490B000842C2 /* Item+CoreDataClass.swift */ = {isa = PBXFileReference; fileEncoding = 4; lastKnownFileType = sourcecode.swift; path = "Item+CoreDataClass.swift"; sourceTree = "<group>"; };
		6D0C5B6524B1490B000842C2 /* Item+CoreDataProperties.swift */ = {isa = PBXFileReference; fileEncoding = 4; lastKnownFileType = sourcecode.swift; path = "Item+CoreDataProperties.swift"; sourceTree = "<group>"; };
		6D0C5B6624B1490B000842C2 /* ListOfItems+CoreDataClass.swift */ = {isa = PBXFileReference; fileEncoding = 4; lastKnownFileType = sourcecode.swift; path = "ListOfItems+CoreDataClass.swift"; sourceTree = "<group>"; };
		6D0C5B6724B1490B000842C2 /* Category+CoreDataClass.swift */ = {isa = PBXFileReference; fileEncoding = 4; lastKnownFileType = sourcecode.swift; path = "Category+CoreDataClass.swift"; sourceTree = "<group>"; };
		6D0C5B6824B1490B000842C2 /* ListOfItems+CoreDataProperties.swift */ = {isa = PBXFileReference; fileEncoding = 4; lastKnownFileType = sourcecode.swift; path = "ListOfItems+CoreDataProperties.swift"; sourceTree = "<group>"; };
		6D0C5B6924B1490B000842C2 /* Category+CoreDataProperties.swift */ = {isa = PBXFileReference; fileEncoding = 4; lastKnownFileType = sourcecode.swift; path = "Category+CoreDataProperties.swift"; sourceTree = "<group>"; };
		6D3B0F3B24CFBF6500A0B486 /* NavBarTrailing.swift */ = {isa = PBXFileReference; lastKnownFileType = sourcecode.swift; path = NavBarTrailing.swift; sourceTree = "<group>"; };
		6D4CA4A224CEA97B00103DF8 /* iShop.entitlements */ = {isa = PBXFileReference; lastKnownFileType = text.plist.entitlements; name = iShop.entitlements; path = "../../../../../Library/Mobile Documents/com~apple~CloudDocs/.Trash/iShop.entitlements"; sourceTree = "<group>"; };
		6D5AE16424EF6F2F00CB9F7D /* MKiCloudSync.m */ = {isa = PBXFileReference; fileEncoding = 4; lastKnownFileType = sourcecode.c.objc; name = MKiCloudSync.m; path = "../../../../../../Downloads/MKiCloudSync-master 3/MKiCloudSync.m"; sourceTree = "<group>"; };
		6D5AE16524EF6F2F00CB9F7D /* MKiCloudSync.h */ = {isa = PBXFileReference; fileEncoding = 4; lastKnownFileType = sourcecode.c.h; name = MKiCloudSync.h; path = "../../../../../../Downloads/MKiCloudSync-master 3/MKiCloudSync.h"; sourceTree = "<group>"; };
		6D5AE16724EF6F9100CB9F7D /* iShop-Bridging-Header.h */ = {isa = PBXFileReference; lastKnownFileType = sourcecode.c.h; path = "iShop-Bridging-Header.h"; sourceTree = "<group>"; };
		6D67A48F24C3D06300C9B377 /* MailView.swift */ = {isa = PBXFileReference; lastKnownFileType = sourcecode.swift; path = MailView.swift; sourceTree = "<group>"; };
		6D67A49124C3FA9400C9B377 /* OnboardingViewHome.swift */ = {isa = PBXFileReference; lastKnownFileType = sourcecode.swift; path = OnboardingViewHome.swift; sourceTree = "<group>"; };
		6D780D9E24C1A28F00380C17 /* InCart.swift */ = {isa = PBXFileReference; lastKnownFileType = sourcecode.swift; path = InCart.swift; sourceTree = "<group>"; };
		6D83AC0A24CFB7BE00797E5F /* Home.swift */ = {isa = PBXFileReference; lastKnownFileType = sourcecode.swift; path = Home.swift; sourceTree = "<group>"; };
		6D8DA8D924E7E9E000CE3740 /* ContentView.swift */ = {isa = PBXFileReference; lastKnownFileType = sourcecode.swift; path = ContentView.swift; sourceTree = "<group>"; };
		6DA186CE24C9AEDC00427EA1 /* InitDate+CoreDataClass.swift */ = {isa = PBXFileReference; lastKnownFileType = sourcecode.swift; path = "InitDate+CoreDataClass.swift"; sourceTree = "<group>"; };
		6DA186CF24C9AEDC00427EA1 /* InitDate+CoreDataProperties.swift */ = {isa = PBXFileReference; lastKnownFileType = sourcecode.swift; path = "InitDate+CoreDataProperties.swift"; sourceTree = "<group>"; };
		6DE5B61924EA448700608449 /* NavBarLeading.swift */ = {isa = PBXFileReference; lastKnownFileType = sourcecode.swift; path = NavBarLeading.swift; sourceTree = "<group>"; };
		6DE6003F24E9F1B100AA3F1D /* ViewModifiers.swift */ = {isa = PBXFileReference; lastKnownFileType = sourcecode.swift; path = ViewModifiers.swift; sourceTree = "<group>"; };
		6DE6004324E9F60900AA3F1D /* ListActionSheet.swift */ = {isa = PBXFileReference; lastKnownFileType = sourcecode.swift; path = ListActionSheet.swift; sourceTree = "<group>"; };
		6DEB520724C642AD0096DBC8 /* CloudKit.framework */ = {isa = PBXFileReference; lastKnownFileType = wrapper.framework; name = CloudKit.framework; path = System/Library/Frameworks/CloudKit.framework; sourceTree = SDKROOT; };
		6DF0947424BB330500FB051C /* ChooseCategory.swift */ = {isa = PBXFileReference; lastKnownFileType = sourcecode.swift; path = ChooseCategory.swift; sourceTree = "<group>"; };
		6DF0947624BB3F2C00FB051C /* AddCategory.swift */ = {isa = PBXFileReference; lastKnownFileType = sourcecode.swift; path = AddCategory.swift; sourceTree = "<group>"; };
		6DF871C424D93227007C6434 /* AddListButton.swift */ = {isa = PBXFileReference; lastKnownFileType = sourcecode.swift; path = AddListButton.swift; sourceTree = "<group>"; };
		6DF8D41724D9342A00899C6F /* SettingsButton.swift */ = {isa = PBXFileReference; lastKnownFileType = sourcecode.swift; path = SettingsButton.swift; sourceTree = "<group>"; };
		6DFAE5D124B5C07D005E8E6B /* UserDefaults.swift */ = {isa = PBXFileReference; lastKnownFileType = sourcecode.swift; path = UserDefaults.swift; sourceTree = "<group>"; };
		6DFB6B2624CB9EC90041C999 /* RenameList.swift */ = {isa = PBXFileReference; lastKnownFileType = sourcecode.swift; path = RenameList.swift; sourceTree = "<group>"; };
/* End PBXFileReference section */

/* Begin PBXFrameworksBuildPhase section */
		6D0C5AEB24B142DB000842C2 /* Frameworks */ = {
			isa = PBXFrameworksBuildPhase;
			buildActionMask = 2147483647;
			files = (
				6DEB520824C642AD0096DBC8 /* CloudKit.framework in Frameworks */,
			);
			runOnlyForDeploymentPostprocessing = 0;
		};
		6D0C5B0424B142E1000842C2 /* Frameworks */ = {
			isa = PBXFrameworksBuildPhase;
			buildActionMask = 2147483647;
			files = (
			);
			runOnlyForDeploymentPostprocessing = 0;
		};
		6D0C5B0F24B142E2000842C2 /* Frameworks */ = {
			isa = PBXFrameworksBuildPhase;
			buildActionMask = 2147483647;
			files = (
			);
			runOnlyForDeploymentPostprocessing = 0;
		};
/* End PBXFrameworksBuildPhase section */

/* Begin PBXGroup section */
		6D0C5AE524B142DB000842C2 = {
			isa = PBXGroup;
			children = (
				6D0C5AF024B142DB000842C2 /* iShop */,
				6D0C5B0A24B142E1000842C2 /* iShopTests */,
				6D0C5B1524B142E2000842C2 /* iShopUITests */,
				6D0C5AEF24B142DB000842C2 /* Products */,
				6DEB520624C642AD0096DBC8 /* Frameworks */,
			);
			sourceTree = "<group>";
		};
		6D0C5AEF24B142DB000842C2 /* Products */ = {
			isa = PBXGroup;
			children = (
				6D0C5AEE24B142DB000842C2 /* iShop.app */,
				6D0C5B0724B142E1000842C2 /* iShopTests.xctest */,
				6D0C5B1224B142E2000842C2 /* iShopUITests.xctest */,
			);
			name = Products;
			sourceTree = "<group>";
		};
		6D0C5AF024B142DB000842C2 /* iShop */ = {
			isa = PBXGroup;
			children = (
				6D0C5B0224B142E1000842C2 /* Info.plist */,
				6D4CA4A224CEA97B00103DF8 /* iShop.entitlements */,
				6D0C5AFF24B142E1000842C2 /* LaunchScreen.storyboard */,
				6D0C5AFA24B142E1000842C2 /* Assets.xcassets */,
				6D0C5B4D24B1480C000842C2 /* AppDelegate.swift */,
				6D0C5B4E24B1480C000842C2 /* SceneDelegate.swift */,
				6D0C5B5124B14811000842C2 /* Views */,
				6D0C5B2424B147E5000842C2 /* Helpers */,
				6D0C5B3C24B14803000842C2 /* Model */,
				6D0C5B3124B147EC000842C2 /* Misc */,
				6D0C5AFC24B142E1000842C2 /* Preview Content */,
			);
			path = iShop;
			sourceTree = "<group>";
		};
		6D0C5AFC24B142E1000842C2 /* Preview Content */ = {
			isa = PBXGroup;
			children = (
				6D0C5AFD24B142E1000842C2 /* Preview Assets.xcassets */,
			);
			path = "Preview Content";
			sourceTree = "<group>";
		};
		6D0C5B0A24B142E1000842C2 /* iShopTests */ = {
			isa = PBXGroup;
			children = (
				6D0C5B0B24B142E1000842C2 /* iShopTests.swift */,
				6D0C5B0D24B142E1000842C2 /* Info.plist */,
			);
			path = iShopTests;
			sourceTree = "<group>";
		};
		6D0C5B1524B142E2000842C2 /* iShopUITests */ = {
			isa = PBXGroup;
			children = (
				6D0C5B1624B142E2000842C2 /* iShopUITests.swift */,
				6D0C5B1824B142E2000842C2 /* Info.plist */,
			);
			path = iShopUITests;
			sourceTree = "<group>";
		};
		6D0C5B2424B147E5000842C2 /* Helpers */ = {
			isa = PBXGroup;
			children = (
				6D0C5B2524B147E5000842C2 /* Functions.swift */,
				6D0C5B2724B147E5000842C2 /* Globals.swift */,
				6D0C5B2624B147E5000842C2 /* Extensions.swift */,
				6DE6003F24E9F1B100AA3F1D /* ViewModifiers.swift */,
				6DFAE5D124B5C07D005E8E6B /* UserDefaults.swift */,
				6D0C5B2824B147E5000842C2 /* AdaptsToSk.swift */,
				6D0C5B2924B147E5000842C2 /* HostingController.swift */,
				6D0C5B2A24B147E5000842C2 /* NavigationConfigurator.swift */,
				6D5AE16524EF6F2F00CB9F7D /* MKiCloudSync.h */,
				6D5AE16424EF6F2F00CB9F7D /* MKiCloudSync.m */,
				6D5AE16724EF6F9100CB9F7D /* iShop-Bridging-Header.h */,
			);
			path = Helpers;
			sourceTree = "<group>";
		};
		6D0C5B3124B147EC000842C2 /* Misc */ = {
			isa = PBXGroup;
			children = (
				6D0C5B3224B147EC000842C2 /* UsefulCode.swift */,
				6D8DA8D924E7E9E000CE3740 /* ContentView.swift */,
			);
			name = Misc;
			path = iShop/Misc;
			sourceTree = SOURCE_ROOT;
		};
		6D0C5B3C24B14803000842C2 /* Model */ = {
			isa = PBXGroup;
			children = (
				6D0C5B4124B14803000842C2 /* iShop.xcdatamodeld */,
				6D0C5B6424B1490B000842C2 /* Item+CoreDataClass.swift */,
				6D0C5B6524B1490B000842C2 /* Item+CoreDataProperties.swift */,
				6D0C5B6624B1490B000842C2 /* ListOfItems+CoreDataClass.swift */,
				6D0C5B6824B1490B000842C2 /* ListOfItems+CoreDataProperties.swift */,
				6D0C5B6724B1490B000842C2 /* Category+CoreDataClass.swift */,
				6D0C5B6924B1490B000842C2 /* Category+CoreDataProperties.swift */,
				6DA186CE24C9AEDC00427EA1 /* InitDate+CoreDataClass.swift */,
				6DA186CF24C9AEDC00427EA1 /* InitDate+CoreDataProperties.swift */,
			);
			path = Model;
			sourceTree = "<group>";
		};
		6D0C5B5124B14811000842C2 /* Views */ = {
			isa = PBXGroup;
			children = (
				6DF0947624BB3F2C00FB051C /* AddCategory.swift */,
				6D0C5B5824B14811000842C2 /* AddList.swift */,
				6DF871C424D93227007C6434 /* AddListButton.swift */,
				6D0C5B5A24B14811000842C2 /* Catalogue.swift */,
				6D0C5B5424B14811000842C2 /* CatalogueRow.swift */,
				6DF0947424BB330500FB051C /* ChooseCategory.swift */,
				6D83AC0A24CFB7BE00797E5F /* Home.swift */,
				6D780D9E24C1A28F00380C17 /* InCart.swift */,
				6D0C5B5324B14811000842C2 /* ItemCategory.swift */,
				6D066CC624B6987400121692 /* ItemDetails.swift */,
				6D0C5B5724B14811000842C2 /* ItemList.swift */,
				6D0C5B5224B14811000842C2 /* ItemRow.swift */,
				6D67A48F24C3D06300C9B377 /* MailView.swift */,
				6DE5B61924EA448700608449 /* NavBarLeading.swift */,
				6D3B0F3B24CFBF6500A0B486 /* NavBarTrailing.swift */,
				6DE6004324E9F60900AA3F1D /* ListActionSheet.swift */,
				6D67A49124C3FA9400C9B377 /* OnboardingViewHome.swift */,
				6DFB6B2624CB9EC90041C999 /* RenameList.swift */,
				6D0C5B5924B14811000842C2 /* Settings.swift */,
				6DF8D41724D9342A00899C6F /* SettingsButton.swift */,
				6D0C5B5624B14811000842C2 /* StartUp.swift */,
			);
			path = Views;
			sourceTree = "<group>";
		};
		6DEB520624C642AD0096DBC8 /* Frameworks */ = {
			isa = PBXGroup;
			children = (
				6DEB520724C642AD0096DBC8 /* CloudKit.framework */,
			);
			name = Frameworks;
			sourceTree = "<group>";
		};
/* End PBXGroup section */

/* Begin PBXNativeTarget section */
		6D0C5AED24B142DB000842C2 /* iShop */ = {
			isa = PBXNativeTarget;
			buildConfigurationList = 6D0C5B1B24B142E2000842C2 /* Build configuration list for PBXNativeTarget "iShop" */;
			buildPhases = (
				6D0C5AEA24B142DB000842C2 /* Sources */,
				6D0C5AEB24B142DB000842C2 /* Frameworks */,
				6D0C5AEC24B142DB000842C2 /* Resources */,
			);
			buildRules = (
			);
			dependencies = (
			);
			name = iShop;
			productName = iShop;
			productReference = 6D0C5AEE24B142DB000842C2 /* iShop.app */;
			productType = "com.apple.product-type.application";
		};
		6D0C5B0624B142E1000842C2 /* iShopTests */ = {
			isa = PBXNativeTarget;
			buildConfigurationList = 6D0C5B1E24B142E2000842C2 /* Build configuration list for PBXNativeTarget "iShopTests" */;
			buildPhases = (
				6D0C5B0324B142E1000842C2 /* Sources */,
				6D0C5B0424B142E1000842C2 /* Frameworks */,
				6D0C5B0524B142E1000842C2 /* Resources */,
			);
			buildRules = (
			);
			dependencies = (
				6D0C5B0924B142E1000842C2 /* PBXTargetDependency */,
			);
			name = iShopTests;
			productName = iShopTests;
			productReference = 6D0C5B0724B142E1000842C2 /* iShopTests.xctest */;
			productType = "com.apple.product-type.bundle.unit-test";
		};
		6D0C5B1124B142E2000842C2 /* iShopUITests */ = {
			isa = PBXNativeTarget;
			buildConfigurationList = 6D0C5B2124B142E2000842C2 /* Build configuration list for PBXNativeTarget "iShopUITests" */;
			buildPhases = (
				6D0C5B0E24B142E2000842C2 /* Sources */,
				6D0C5B0F24B142E2000842C2 /* Frameworks */,
				6D0C5B1024B142E2000842C2 /* Resources */,
			);
			buildRules = (
			);
			dependencies = (
				6D0C5B1424B142E2000842C2 /* PBXTargetDependency */,
			);
			name = iShopUITests;
			productName = iShopUITests;
			productReference = 6D0C5B1224B142E2000842C2 /* iShopUITests.xctest */;
			productType = "com.apple.product-type.bundle.ui-testing";
		};
/* End PBXNativeTarget section */

/* Begin PBXProject section */
		6D0C5AE624B142DB000842C2 /* Project object */ = {
			isa = PBXProject;
			attributes = {
				LastSwiftUpdateCheck = 1150;
				LastUpgradeCheck = 1150;
				ORGANIZATIONNAME = "Chris Filiatrault";
				TargetAttributes = {
					6D0C5AED24B142DB000842C2 = {
						CreatedOnToolsVersion = 11.5;
						LastSwiftMigration = 1150;
					};
					6D0C5B0624B142E1000842C2 = {
						CreatedOnToolsVersion = 11.5;
						TestTargetID = 6D0C5AED24B142DB000842C2;
					};
					6D0C5B1124B142E2000842C2 = {
						CreatedOnToolsVersion = 11.5;
						TestTargetID = 6D0C5AED24B142DB000842C2;
					};
				};
			};
			buildConfigurationList = 6D0C5AE924B142DB000842C2 /* Build configuration list for PBXProject "iShop" */;
			compatibilityVersion = "Xcode 9.3";
			developmentRegion = en;
			hasScannedForEncodings = 0;
			knownRegions = (
				en,
				Base,
			);
			mainGroup = 6D0C5AE524B142DB000842C2;
			productRefGroup = 6D0C5AEF24B142DB000842C2 /* Products */;
			projectDirPath = "";
			projectRoot = "";
			targets = (
				6D0C5AED24B142DB000842C2 /* iShop */,
				6D0C5B0624B142E1000842C2 /* iShopTests */,
				6D0C5B1124B142E2000842C2 /* iShopUITests */,
			);
		};
/* End PBXProject section */

/* Begin PBXResourcesBuildPhase section */
		6D0C5AEC24B142DB000842C2 /* Resources */ = {
			isa = PBXResourcesBuildPhase;
			buildActionMask = 2147483647;
			files = (
				6D0C5B0124B142E1000842C2 /* LaunchScreen.storyboard in Resources */,
				6D0C5AFE24B142E1000842C2 /* Preview Assets.xcassets in Resources */,
				6D0C5AFB24B142E1000842C2 /* Assets.xcassets in Resources */,
			);
			runOnlyForDeploymentPostprocessing = 0;
		};
		6D0C5B0524B142E1000842C2 /* Resources */ = {
			isa = PBXResourcesBuildPhase;
			buildActionMask = 2147483647;
			files = (
			);
			runOnlyForDeploymentPostprocessing = 0;
		};
		6D0C5B1024B142E2000842C2 /* Resources */ = {
			isa = PBXResourcesBuildPhase;
			buildActionMask = 2147483647;
			files = (
			);
			runOnlyForDeploymentPostprocessing = 0;
		};
/* End PBXResourcesBuildPhase section */

/* Begin PBXSourcesBuildPhase section */
		6D0C5AEA24B142DB000842C2 /* Sources */ = {
			isa = PBXSourcesBuildPhase;
			buildActionMask = 2147483647;
			files = (
				6D0C5B5C24B14811000842C2 /* ItemCategory.swift in Sources */,
				6D0C5B6E24B1490C000842C2 /* ListOfItems+CoreDataProperties.swift in Sources */,
				6D0C5B5B24B14811000842C2 /* ItemRow.swift in Sources */,
				6DF0947724BB3F2C00FB051C /* AddCategory.swift in Sources */,
				6DA186D124C9AEDC00427EA1 /* InitDate+CoreDataProperties.swift in Sources */,
				6D5AE16624EF6F2F00CB9F7D /* MKiCloudSync.m in Sources */,
				6DFAE5D224B5C07D005E8E6B /* UserDefaults.swift in Sources */,
				6D0C5B6F24B1490C000842C2 /* Category+CoreDataProperties.swift in Sources */,
				6D0C5B3024B147E5000842C2 /* NavigationConfigurator.swift in Sources */,
				6D0C5B2B24B147E5000842C2 /* Functions.swift in Sources */,
				6D0C5B5024B1480C000842C2 /* SceneDelegate.swift in Sources */,
				6D0C5B6D24B1490C000842C2 /* Category+CoreDataClass.swift in Sources */,
				6DF871C524D93227007C6434 /* AddListButton.swift in Sources */,
				6D0C5B2E24B147E5000842C2 /* AdaptsToSk.swift in Sources */,
				6D780D9F24C1A28F00380C17 /* InCart.swift in Sources */,
				6DFB6B2724CB9EC90041C999 /* RenameList.swift in Sources */,
				6DF8D41824D9342A00899C6F /* SettingsButton.swift in Sources */,
				6DF0947524BB330500FB051C /* ChooseCategory.swift in Sources */,
				6D3B0F3C24CFBF6500A0B486 /* NavBarTrailing.swift in Sources */,
				6D0C5B4924B14803000842C2 /* iShop.xcdatamodeld in Sources */,
				6D83AC0B24CFB7BE00797E5F /* Home.swift in Sources */,
				6D67A49024C3D06300C9B377 /* MailView.swift in Sources */,
				6D0C5B2F24B147E5000842C2 /* HostingController.swift in Sources */,
				6D67A49224C3FA9400C9B377 /* OnboardingViewHome.swift in Sources */,
				6D0C5B2D24B147E5000842C2 /* Globals.swift in Sources */,
				6DE6004424E9F60900AA3F1D /* ListActionSheet.swift in Sources */,
				6D0C5B5D24B14811000842C2 /* CatalogueRow.swift in Sources */,
				6D8DA8DA24E7E9E000CE3740 /* ContentView.swift in Sources */,
				6D0C5B6324B14811000842C2 /* Catalogue.swift in Sources */,
				6DE5B61A24EA448700608449 /* NavBarLeading.swift in Sources */,
				6D0C5B5F24B14811000842C2 /* StartUp.swift in Sources */,
				6DA186D024C9AEDC00427EA1 /* InitDate+CoreDataClass.swift in Sources */,
				6D0C5B6B24B1490C000842C2 /* Item+CoreDataProperties.swift in Sources */,
				6DE6004024E9F1B100AA3F1D /* ViewModifiers.swift in Sources */,
				6D0C5B2C24B147E5000842C2 /* Extensions.swift in Sources */,
				6D0C5B6224B14811000842C2 /* Settings.swift in Sources */,
				6D0C5B6A24B1490C000842C2 /* Item+CoreDataClass.swift in Sources */,
				6D0C5B6C24B1490C000842C2 /* ListOfItems+CoreDataClass.swift in Sources */,
				6D0C5B6024B14811000842C2 /* ItemList.swift in Sources */,
				6D0C5B4F24B1480C000842C2 /* AppDelegate.swift in Sources */,
				6D0C5B6124B14811000842C2 /* AddList.swift in Sources */,
				6D0C5B3724B147EC000842C2 /* UsefulCode.swift in Sources */,
				6D066CC724B6987400121692 /* ItemDetails.swift in Sources */,
			);
			runOnlyForDeploymentPostprocessing = 0;
		};
		6D0C5B0324B142E1000842C2 /* Sources */ = {
			isa = PBXSourcesBuildPhase;
			buildActionMask = 2147483647;
			files = (
				6D0C5B0C24B142E1000842C2 /* iShopTests.swift in Sources */,
			);
			runOnlyForDeploymentPostprocessing = 0;
		};
		6D0C5B0E24B142E2000842C2 /* Sources */ = {
			isa = PBXSourcesBuildPhase;
			buildActionMask = 2147483647;
			files = (
				6D0C5B1724B142E2000842C2 /* iShopUITests.swift in Sources */,
			);
			runOnlyForDeploymentPostprocessing = 0;
		};
/* End PBXSourcesBuildPhase section */

/* Begin PBXTargetDependency section */
		6D0C5B0924B142E1000842C2 /* PBXTargetDependency */ = {
			isa = PBXTargetDependency;
			target = 6D0C5AED24B142DB000842C2 /* iShop */;
			targetProxy = 6D0C5B0824B142E1000842C2 /* PBXContainerItemProxy */;
		};
		6D0C5B1424B142E2000842C2 /* PBXTargetDependency */ = {
			isa = PBXTargetDependency;
			target = 6D0C5AED24B142DB000842C2 /* iShop */;
			targetProxy = 6D0C5B1324B142E2000842C2 /* PBXContainerItemProxy */;
		};
/* End PBXTargetDependency section */

/* Begin PBXVariantGroup section */
		6D0C5AFF24B142E1000842C2 /* LaunchScreen.storyboard */ = {
			isa = PBXVariantGroup;
			children = (
				6D0C5B0024B142E1000842C2 /* Base */,
			);
			name = LaunchScreen.storyboard;
			sourceTree = "<group>";
		};
/* End PBXVariantGroup section */

/* Begin XCBuildConfiguration section */
		6D0C5B1924B142E2000842C2 /* Debug */ = {
			isa = XCBuildConfiguration;
			buildSettings = {
				ALWAYS_SEARCH_USER_PATHS = NO;
				CLANG_ANALYZER_NONNULL = YES;
				CLANG_ANALYZER_NUMBER_OBJECT_CONVERSION = YES_AGGRESSIVE;
				CLANG_CXX_LANGUAGE_STANDARD = "gnu++14";
				CLANG_CXX_LIBRARY = "libc++";
				CLANG_ENABLE_MODULES = YES;
				CLANG_ENABLE_OBJC_ARC = YES;
				CLANG_ENABLE_OBJC_WEAK = YES;
				CLANG_WARN_BLOCK_CAPTURE_AUTORELEASING = YES;
				CLANG_WARN_BOOL_CONVERSION = YES;
				CLANG_WARN_COMMA = YES;
				CLANG_WARN_CONSTANT_CONVERSION = YES;
				CLANG_WARN_DEPRECATED_OBJC_IMPLEMENTATIONS = YES;
				CLANG_WARN_DIRECT_OBJC_ISA_USAGE = YES_ERROR;
				CLANG_WARN_DOCUMENTATION_COMMENTS = YES;
				CLANG_WARN_EMPTY_BODY = YES;
				CLANG_WARN_ENUM_CONVERSION = YES;
				CLANG_WARN_INFINITE_RECURSION = YES;
				CLANG_WARN_INT_CONVERSION = YES;
				CLANG_WARN_NON_LITERAL_NULL_CONVERSION = YES;
				CLANG_WARN_OBJC_IMPLICIT_RETAIN_SELF = YES;
				CLANG_WARN_OBJC_LITERAL_CONVERSION = YES;
				CLANG_WARN_OBJC_ROOT_CLASS = YES_ERROR;
				CLANG_WARN_RANGE_LOOP_ANALYSIS = YES;
				CLANG_WARN_STRICT_PROTOTYPES = YES;
				CLANG_WARN_SUSPICIOUS_MOVE = YES;
				CLANG_WARN_UNGUARDED_AVAILABILITY = YES_AGGRESSIVE;
				CLANG_WARN_UNREACHABLE_CODE = YES;
				CLANG_WARN__DUPLICATE_METHOD_MATCH = YES;
				COPY_PHASE_STRIP = NO;
				DEBUG_INFORMATION_FORMAT = dwarf;
				ENABLE_STRICT_OBJC_MSGSEND = YES;
				ENABLE_TESTABILITY = YES;
				GCC_C_LANGUAGE_STANDARD = gnu11;
				GCC_DYNAMIC_NO_PIC = NO;
				GCC_NO_COMMON_BLOCKS = YES;
				GCC_OPTIMIZATION_LEVEL = 0;
				GCC_PREPROCESSOR_DEFINITIONS = (
					"DEBUG=1",
					"$(inherited)",
				);
				GCC_WARN_64_TO_32_BIT_CONVERSION = YES;
				GCC_WARN_ABOUT_RETURN_TYPE = YES_ERROR;
				GCC_WARN_UNDECLARED_SELECTOR = YES;
				GCC_WARN_UNINITIALIZED_AUTOS = YES_AGGRESSIVE;
				GCC_WARN_UNUSED_FUNCTION = YES;
				GCC_WARN_UNUSED_VARIABLE = YES;
				IPHONEOS_DEPLOYMENT_TARGET = 13.5;
				MTL_ENABLE_DEBUG_INFO = INCLUDE_SOURCE;
				MTL_FAST_MATH = YES;
				ONLY_ACTIVE_ARCH = YES;
				SDKROOT = iphoneos;
				SWIFT_ACTIVE_COMPILATION_CONDITIONS = DEBUG;
				SWIFT_OPTIMIZATION_LEVEL = "-Onone";
			};
			name = Debug;
		};
		6D0C5B1A24B142E2000842C2 /* Release */ = {
			isa = XCBuildConfiguration;
			buildSettings = {
				ALWAYS_SEARCH_USER_PATHS = NO;
				CLANG_ANALYZER_NONNULL = YES;
				CLANG_ANALYZER_NUMBER_OBJECT_CONVERSION = YES_AGGRESSIVE;
				CLANG_CXX_LANGUAGE_STANDARD = "gnu++14";
				CLANG_CXX_LIBRARY = "libc++";
				CLANG_ENABLE_MODULES = YES;
				CLANG_ENABLE_OBJC_ARC = YES;
				CLANG_ENABLE_OBJC_WEAK = YES;
				CLANG_WARN_BLOCK_CAPTURE_AUTORELEASING = YES;
				CLANG_WARN_BOOL_CONVERSION = YES;
				CLANG_WARN_COMMA = YES;
				CLANG_WARN_CONSTANT_CONVERSION = YES;
				CLANG_WARN_DEPRECATED_OBJC_IMPLEMENTATIONS = YES;
				CLANG_WARN_DIRECT_OBJC_ISA_USAGE = YES_ERROR;
				CLANG_WARN_DOCUMENTATION_COMMENTS = YES;
				CLANG_WARN_EMPTY_BODY = YES;
				CLANG_WARN_ENUM_CONVERSION = YES;
				CLANG_WARN_INFINITE_RECURSION = YES;
				CLANG_WARN_INT_CONVERSION = YES;
				CLANG_WARN_NON_LITERAL_NULL_CONVERSION = YES;
				CLANG_WARN_OBJC_IMPLICIT_RETAIN_SELF = YES;
				CLANG_WARN_OBJC_LITERAL_CONVERSION = YES;
				CLANG_WARN_OBJC_ROOT_CLASS = YES_ERROR;
				CLANG_WARN_RANGE_LOOP_ANALYSIS = YES;
				CLANG_WARN_STRICT_PROTOTYPES = YES;
				CLANG_WARN_SUSPICIOUS_MOVE = YES;
				CLANG_WARN_UNGUARDED_AVAILABILITY = YES_AGGRESSIVE;
				CLANG_WARN_UNREACHABLE_CODE = YES;
				CLANG_WARN__DUPLICATE_METHOD_MATCH = YES;
				COPY_PHASE_STRIP = NO;
				DEBUG_INFORMATION_FORMAT = "dwarf-with-dsym";
				ENABLE_NS_ASSERTIONS = NO;
				ENABLE_STRICT_OBJC_MSGSEND = YES;
				GCC_C_LANGUAGE_STANDARD = gnu11;
				GCC_NO_COMMON_BLOCKS = YES;
				GCC_WARN_64_TO_32_BIT_CONVERSION = YES;
				GCC_WARN_ABOUT_RETURN_TYPE = YES_ERROR;
				GCC_WARN_UNDECLARED_SELECTOR = YES;
				GCC_WARN_UNINITIALIZED_AUTOS = YES_AGGRESSIVE;
				GCC_WARN_UNUSED_FUNCTION = YES;
				GCC_WARN_UNUSED_VARIABLE = YES;
				IPHONEOS_DEPLOYMENT_TARGET = 13.5;
				MTL_ENABLE_DEBUG_INFO = NO;
				MTL_FAST_MATH = YES;
				SDKROOT = iphoneos;
				SWIFT_COMPILATION_MODE = wholemodule;
				SWIFT_OPTIMIZATION_LEVEL = "-O";
				VALIDATE_PRODUCT = YES;
			};
			name = Release;
		};
		6D0C5B1C24B142E2000842C2 /* Debug */ = {
			isa = XCBuildConfiguration;
			buildSettings = {
				ASSETCATALOG_COMPILER_APPICON_NAME = AppIcon;
				CLANG_ENABLE_MODULES = YES;
				CODE_SIGN_ENTITLEMENTS = iShop/iShop.entitlements;
				CODE_SIGN_STYLE = Automatic;
				DEVELOPMENT_ASSET_PATHS = "\"iShop/Preview Content\"";
				DEVELOPMENT_TEAM = U29H955YLN;
				ENABLE_PREVIEWS = YES;
				INFOPLIST_FILE = iShop/Info.plist;
				IPHONEOS_DEPLOYMENT_TARGET = 13.0;
				LD_RUNPATH_SEARCH_PATHS = (
					"$(inherited)",
					"@executable_path/Frameworks",
					"$(SRCROOT)/**",
				);
				MARKETING_VERSION = 1.3.1;
				PRODUCT_BUNDLE_IDENTIFIER = com.cfiliatrault.ishop;
				PRODUCT_NAME = "$(TARGET_NAME)";
				SWIFT_OBJC_BRIDGING_HEADER = "iShop/Helpers/iShop-Bridging-Header.h";
				SWIFT_OPTIMIZATION_LEVEL = "-Onone";
				SWIFT_VERSION = 5.0;
				TARGETED_DEVICE_FAMILY = "1,2";
			};
			name = Debug;
		};
		6D0C5B1D24B142E2000842C2 /* Release */ = {
			isa = XCBuildConfiguration;
			buildSettings = {
				ASSETCATALOG_COMPILER_APPICON_NAME = AppIcon;
				CLANG_ENABLE_MODULES = YES;
				CODE_SIGN_ENTITLEMENTS = iShop/iShop.entitlements;
				CODE_SIGN_STYLE = Automatic;
				DEVELOPMENT_ASSET_PATHS = "\"iShop/Preview Content\"";
				DEVELOPMENT_TEAM = U29H955YLN;
				ENABLE_PREVIEWS = YES;
				INFOPLIST_FILE = iShop/Info.plist;
				IPHONEOS_DEPLOYMENT_TARGET = 13.0;
				LD_RUNPATH_SEARCH_PATHS = (
					"$(inherited)",
					"@executable_path/Frameworks",
					"$(SRCROOT)/**",
				);
				MARKETING_VERSION = 1.3.1;
				PRODUCT_BUNDLE_IDENTIFIER = com.cfiliatrault.ishop;
				PRODUCT_NAME = "$(TARGET_NAME)";
				SWIFT_OBJC_BRIDGING_HEADER = "iShop/Helpers/iShop-Bridging-Header.h";
				SWIFT_VERSION = 5.0;
				TARGETED_DEVICE_FAMILY = "1,2";
			};
			name = Release;
		};
		6D0C5B1F24B142E2000842C2 /* Debug */ = {
			isa = XCBuildConfiguration;
			buildSettings = {
				ALWAYS_EMBED_SWIFT_STANDARD_LIBRARIES = YES;
				BUNDLE_LOADER = "$(TEST_HOST)";
				CODE_SIGN_STYLE = Automatic;
				DEVELOPMENT_TEAM = U29H955YLN;
				INFOPLIST_FILE = iShopTests/Info.plist;
				IPHONEOS_DEPLOYMENT_TARGET = 13.5;
				LD_RUNPATH_SEARCH_PATHS = (
					"$(inherited)",
					"@executable_path/Frameworks",
					"@loader_path/Frameworks",
				);
				PRODUCT_BUNDLE_IDENTIFIER = com.cfiliatrault.iShopTests;
				PRODUCT_NAME = "$(TARGET_NAME)";
				SWIFT_VERSION = 5.0;
				TARGETED_DEVICE_FAMILY = "1,2";
				TEST_HOST = "$(BUILT_PRODUCTS_DIR)/iShop.app/iShop";
			};
			name = Debug;
		};
		6D0C5B2024B142E2000842C2 /* Release */ = {
			isa = XCBuildConfiguration;
			buildSettings = {
				ALWAYS_EMBED_SWIFT_STANDARD_LIBRARIES = YES;
				BUNDLE_LOADER = "$(TEST_HOST)";
				CODE_SIGN_STYLE = Automatic;
				DEVELOPMENT_TEAM = U29H955YLN;
				INFOPLIST_FILE = iShopTests/Info.plist;
				IPHONEOS_DEPLOYMENT_TARGET = 13.5;
				LD_RUNPATH_SEARCH_PATHS = (
					"$(inherited)",
					"@executable_path/Frameworks",
					"@loader_path/Frameworks",
				);
				PRODUCT_BUNDLE_IDENTIFIER = com.cfiliatrault.iShopTests;
				PRODUCT_NAME = "$(TARGET_NAME)";
				SWIFT_VERSION = 5.0;
				TARGETED_DEVICE_FAMILY = "1,2";
				TEST_HOST = "$(BUILT_PRODUCTS_DIR)/iShop.app/iShop";
			};
			name = Release;
		};
		6D0C5B2224B142E2000842C2 /* Debug */ = {
			isa = XCBuildConfiguration;
			buildSettings = {
				ALWAYS_EMBED_SWIFT_STANDARD_LIBRARIES = YES;
				CODE_SIGN_STYLE = Automatic;
				DEVELOPMENT_TEAM = U29H955YLN;
				INFOPLIST_FILE = iShopUITests/Info.plist;
				LD_RUNPATH_SEARCH_PATHS = (
					"$(inherited)",
					"@executable_path/Frameworks",
					"@loader_path/Frameworks",
				);
				PRODUCT_BUNDLE_IDENTIFIER = com.cfiliatrault.iShopUITests;
				PRODUCT_NAME = "$(TARGET_NAME)";
				SWIFT_VERSION = 5.0;
				TARGETED_DEVICE_FAMILY = "1,2";
				TEST_TARGET_NAME = iShop;
			};
			name = Debug;
		};
		6D0C5B2324B142E2000842C2 /* Release */ = {
			isa = XCBuildConfiguration;
			buildSettings = {
				ALWAYS_EMBED_SWIFT_STANDARD_LIBRARIES = YES;
				CODE_SIGN_STYLE = Automatic;
				DEVELOPMENT_TEAM = U29H955YLN;
				INFOPLIST_FILE = iShopUITests/Info.plist;
				LD_RUNPATH_SEARCH_PATHS = (
					"$(inherited)",
					"@executable_path/Frameworks",
					"@loader_path/Frameworks",
				);
				PRODUCT_BUNDLE_IDENTIFIER = com.cfiliatrault.iShopUITests;
				PRODUCT_NAME = "$(TARGET_NAME)";
				SWIFT_VERSION = 5.0;
				TARGETED_DEVICE_FAMILY = "1,2";
				TEST_TARGET_NAME = iShop;
			};
			name = Release;
		};
/* End XCBuildConfiguration section */

/* Begin XCConfigurationList section */
		6D0C5AE924B142DB000842C2 /* Build configuration list for PBXProject "iShop" */ = {
			isa = XCConfigurationList;
			buildConfigurations = (
				6D0C5B1924B142E2000842C2 /* Debug */,
				6D0C5B1A24B142E2000842C2 /* Release */,
			);
			defaultConfigurationIsVisible = 0;
			defaultConfigurationName = Release;
		};
		6D0C5B1B24B142E2000842C2 /* Build configuration list for PBXNativeTarget "iShop" */ = {
			isa = XCConfigurationList;
			buildConfigurations = (
				6D0C5B1C24B142E2000842C2 /* Debug */,
				6D0C5B1D24B142E2000842C2 /* Release */,
			);
			defaultConfigurationIsVisible = 0;
			defaultConfigurationName = Release;
		};
		6D0C5B1E24B142E2000842C2 /* Build configuration list for PBXNativeTarget "iShopTests" */ = {
			isa = XCConfigurationList;
			buildConfigurations = (
				6D0C5B1F24B142E2000842C2 /* Debug */,
				6D0C5B2024B142E2000842C2 /* Release */,
			);
			defaultConfigurationIsVisible = 0;
			defaultConfigurationName = Release;
		};
		6D0C5B2124B142E2000842C2 /* Build configuration list for PBXNativeTarget "iShopUITests" */ = {
			isa = XCConfigurationList;
			buildConfigurations = (
				6D0C5B2224B142E2000842C2 /* Debug */,
				6D0C5B2324B142E2000842C2 /* Release */,
			);
			defaultConfigurationIsVisible = 0;
			defaultConfigurationName = Release;
		};
/* End XCConfigurationList section */

/* Begin XCVersionGroup section */
		6D0C5B4124B14803000842C2 /* iShop.xcdatamodeld */ = {
			isa = XCVersionGroup;
			children = (
				6D0C5B4224B14803000842C2 /* iShop.xcdatamodel */,
			);
			currentVersion = 6D0C5B4224B14803000842C2 /* iShop.xcdatamodel */;
			path = iShop.xcdatamodeld;
			sourceTree = "<group>";
			versionGroupType = wrapper.xcdatamodel;
		};
/* End XCVersionGroup section */
	};
	rootObject = 6D0C5AE624B142DB000842C2 /* Project object */;
}
